lockfileVersion: 5.4

specifiers:
  '@egoist/prettier-config': 1.0.0
  prettier: ^2.7.1
  tsup: ^6.1.2
  typescript: ^4.6.3
  vitest: 0.16.0

devDependencies:
  '@egoist/prettier-config': 1.0.0
  prettier: 2.7.1
  tsup: 6.1.2_typescript@4.7.4
  typescript: 4.7.4
  vitest: 0.16.0

packages:

  /@babel/code-frame/7.12.13:
    resolution: {integrity: sha1-3PyCa+72XnXFDiHTg319lXmN1lg=, tarball: '@babel/code-frame/download/@babel/code-frame-7.12.13.tgz'}
    dependencies:
      '@babel/highlight': 7.13.10
    dev: true

  /@babel/helper-validator-identifier/7.12.11:
    resolution: {integrity: sha1-yaHwIZF9y1zPDU5FPjmQIpgfye0=, tarball: '@babel/helper-validator-identifier/download/@babel/helper-validator-identifier-7.12.11.tgz'}
    dev: true

  /@babel/highlight/7.13.10:
    resolution: {integrity: sha1-qLKmYUj1sn1maxXYF3Q0enMdUtE=, tarball: '@babel/highlight/download/@babel/highlight-7.13.10.tgz'}
    dependencies:
      '@babel/helper-validator-identifier': 7.12.11
      chalk: 2.4.2
      js-tokens: 4.0.0
    dev: true

  /@egoist/prettier-config/1.0.0:
    resolution: {integrity: sha512-D1Tp9Jv4aVoEo3cOAO966gFCI0wx/1lZ6sEHX8uMAfyVxuxD2+knGxhfGlb/FNLxWV3ifSI5hOmB/zFfsi7Rzw==}
    dev: true

  /@nodelib/fs.scandir/2.1.4:
    resolution: {integrity: sha1-1LNUml213iaD4MEHGrTxQJBLv2k=, tarball: '@nodelib/fs.scandir/download/@nodelib/fs.scandir-2.1.4.tgz'}
    engines: {node: '>= 8'}
    dependencies:
      '@nodelib/fs.stat': 2.0.4
      run-parallel: 1.2.0
    dev: true

  /@nodelib/fs.stat/2.0.4:
    resolution: {integrity: sha1-o/LdYbq0O424+hCKEhz//kxnZlU=, tarball: '@nodelib/fs.stat/download/@nodelib/fs.stat-2.0.4.tgz'}
    engines: {node: '>= 8'}
    dev: true

  /@nodelib/fs.walk/1.2.6:
    resolution: {integrity: sha1-zOk5azCqWv6eN1Zgj1gxrctT0GM=, tarball: '@nodelib/fs.walk/download/@nodelib/fs.walk-1.2.6.tgz'}
    engines: {node: '>= 8'}
    dependencies:
      '@nodelib/fs.scandir': 2.1.4
      fastq: 1.11.0
    dev: true

  /@types/chai-subset/1.3.3:
    resolution: {integrity: sha1-l4k4FOkqvSxTTeQiyzd+DgvarJQ=, tarball: '@types/chai-subset/download/@types/chai-subset-1.3.3.tgz'}
    dependencies:
      '@types/chai': 4.3.1
    dev: true

  /@types/chai/4.3.1:
    resolution: {integrity: sha512-/zPMqDkzSZ8t3VtxOa4KPq7uzzW978M9Tvh+j7GHKuo6k6GTLxPJ4J5gE5cjfJ26pnXst0N5Hax8Sr0T2Mi9zQ==, tarball: '@types/chai/download/@types/chai-4.3.1.tgz'}
    dev: true

  /@types/node/18.0.0:
    resolution: {integrity: sha512-cHlGmko4gWLVI27cGJntjs/Sj8th9aYwplmZFwmmgYQQvL5NUsgVJG7OddLvNfLqYS31KFN0s3qlaD9qCaxACA==, tarball: '@types/node/download/@types/node-18.0.0.tgz'}
    dev: true

  /@types/parse-json/4.0.0:
    resolution: {integrity: sha1-L4u0QUNNFjs1+4/9zNcTiSf/uMA=, tarball: '@types/parse-json/download/@types/parse-json-4.0.0.tgz'}
    dev: true

  /ansi-styles/3.2.1:
    resolution: {integrity: sha1-QfuyAkPlCxK+DwS43tvwdSDOhB0=, tarball: ansi-styles/download/ansi-styles-3.2.1.tgz}
    engines: {node: '>=4'}
    dependencies:
      color-convert: 1.9.3
    dev: true

  /any-promise/1.3.0:
    resolution: {integrity: sha1-q8av7tzqUugJzcA3au0845Y10X8=, tarball: any-promise/download/any-promise-1.3.0.tgz}
    dev: true

  /anymatch/3.1.1:
    resolution: {integrity: sha1-xV7PAhheJGklk5kxDBc84xIzsUI=, tarball: anymatch/download/anymatch-3.1.1.tgz}
    engines: {node: '>= 8'}
    dependencies:
      normalize-path: 3.0.0
      picomatch: 2.3.0
    dev: true

  /array-union/2.1.0:
    resolution: {integrity: sha1-t5hCCtvrHego2ErNii4j0+/oXo0=, tarball: array-union/download/array-union-2.1.0.tgz}
    engines: {node: '>=8'}
    dev: true

  /assertion-error/1.1.0:
    resolution: {integrity: sha1-5gtrDo8wG9l+U3UhW9pAbIURjAs=, tarball: assertion-error/download/assertion-error-1.1.0.tgz}
    dev: true

  /balanced-match/1.0.0:
    resolution: {integrity: sha1-ibTRmasr7kneFk6gK4nORi1xt2c=, tarball: balanced-match/download/balanced-match-1.0.0.tgz}
    dev: true

  /binary-extensions/2.2.0:
    resolution: {integrity: sha1-dfUC7q+f/eQvyYgpZFvk6na9ni0=, tarball: binary-extensions/download/binary-extensions-2.2.0.tgz}
    engines: {node: '>=8'}
    dev: true

  /brace-expansion/1.1.11:
    resolution: {integrity: sha1-PH/L9SnYcibz0vUrlm/1Jx60Qd0=, tarball: brace-expansion/download/brace-expansion-1.1.11.tgz}
    dependencies:
      balanced-match: 1.0.0
      concat-map: 0.0.1
    dev: true

  /braces/3.0.2:
    resolution: {integrity: sha1-NFThpGLujVmeI23zNs2epPiv4Qc=, tarball: braces/download/braces-3.0.2.tgz}
    engines: {node: '>=8'}
    dependencies:
      fill-range: 7.0.1
    dev: true

  /bundle-require/3.0.4_esbuild@0.14.48:
    resolution: {integrity: sha512-VXG6epB1yrLAvWVQpl92qF347/UXmncQj7J3U8kZEbdVZ1ZkQyr4hYeL/9RvcE8vVVdp53dY78Fd/3pqfRqI1A==, tarball: bundle-require/download/bundle-require-3.0.4.tgz}
    engines: {node: ^12.20.0 || ^14.13.1 || >=16.0.0}
    peerDependencies:
      esbuild: '>=0.13'
    dependencies:
      esbuild: 0.14.48
      load-tsconfig: 0.2.3
    dev: true

  /cac/6.7.12:
    resolution: {integrity: sha1-b7XqL/UL0BSQ29pJf0rnWplBUZM=, tarball: cac/download/cac-6.7.12.tgz}
    engines: {node: '>=8'}
    dev: true

  /callsites/3.1.0:
    resolution: {integrity: sha1-s2MKvYlDQy9Us/BRkjjjPNffL3M=, tarball: callsites/download/callsites-3.1.0.tgz}
    engines: {node: '>=6'}
    dev: true

  /chai/4.3.6:
    resolution: {integrity: sha512-bbcp3YfHCUzMOvKqsztczerVgBKSsEijCySNlHHbX3VG1nskvqjz5Rfso1gGwD6w6oOV3eI60pKuMOV5MV7p3Q==, tarball: chai/download/chai-4.3.6.tgz}
    engines: {node: '>=4'}
    dependencies:
      assertion-error: 1.1.0
      check-error: 1.0.2
      deep-eql: 3.0.1
      get-func-name: 2.0.0
      loupe: 2.3.1
      pathval: 1.1.1
      type-detect: 4.0.8
    dev: true

  /chalk/2.4.2:
    resolution: {integrity: sha1-zUJUFnelQzPPVBpJEIwUMrRMlCQ=, tarball: chalk/download/chalk-2.4.2.tgz}
    engines: {node: '>=4'}
    dependencies:
      ansi-styles: 3.2.1
      escape-string-regexp: 1.0.5
      supports-color: 5.5.0
    dev: true

  /check-error/1.0.2:
    resolution: {integrity: sha1-V00xLt2Iu13YkS6Sht1sCu1KrII=, tarball: check-error/download/check-error-1.0.2.tgz}
    dev: true

  /chokidar/3.5.1:
    resolution: {integrity: sha1-7pznu+vSt59J8wR5nVRo4x4U5oo=, tarball: chokidar/download/chokidar-3.5.1.tgz}
    engines: {node: '>= 8.10.0'}
    dependencies:
      anymatch: 3.1.1
      braces: 3.0.2
      glob-parent: 5.1.2
      is-binary-path: 2.1.0
      is-glob: 4.0.1
      normalize-path: 3.0.0
      readdirp: 3.5.0
    optionalDependencies:
      fsevents: 2.3.2
    dev: true

  /color-convert/1.9.3:
    resolution: {integrity: sha1-u3GFBpDh8TZWfeYp0tVHHe2kweg=, tarball: color-convert/download/color-convert-1.9.3.tgz}
    dependencies:
      color-name: 1.1.3
    dev: true

  /color-name/1.1.3:
    resolution: {integrity: sha1-p9BVi9icQveV3UIyj3QIMcpTvCU=, tarball: color-name/download/color-name-1.1.3.tgz}
    dev: true

  /commander/4.1.1:
    resolution: {integrity: sha1-n9YCvZNilOnp70aj9NaWQESxgGg=, tarball: commander/download/commander-4.1.1.tgz}
    engines: {node: '>= 6'}
    dev: true

  /concat-map/0.0.1:
    resolution: {integrity: sha1-2Klr13/Wjfd5OnMDajug1UBdR3s=, tarball: concat-map/download/concat-map-0.0.1.tgz}
    dev: true

  /cosmiconfig/7.0.0:
    resolution: {integrity: sha1-75tE13OVnK5j3ezRIt4jhTtg+NM=, tarball: cosmiconfig/download/cosmiconfig-7.0.0.tgz}
    engines: {node: '>=10'}
    dependencies:
      '@types/parse-json': 4.0.0
      import-fresh: 3.3.0
      parse-json: 5.2.0
      path-type: 4.0.0
      yaml: 1.10.2
    dev: true

  /cross-spawn/7.0.3:
    resolution: {integrity: sha1-9zqFudXUHQRVUcF34ogtSshXKKY=, tarball: cross-spawn/download/cross-spawn-7.0.3.tgz}
    engines: {node: '>= 8'}
    dependencies:
      path-key: 3.1.1
      shebang-command: 2.0.0
      which: 2.0.2
    dev: true

  /debug/4.3.1:
    resolution: {integrity: sha1-8NIpxQXgxtjEmsVT0bE9wYP2su4=, tarball: debug/download/debug-4.3.1.tgz}
    engines: {node: '>=6.0'}
    peerDependencies:
      supports-color: '*'
    peerDependenciesMeta:
      supports-color:
        optional: true
    dependencies:
      ms: 2.1.2
    dev: true

  /debug/4.3.4:
    resolution: {integrity: sha512-PRWFHuSU3eDtQJPvnNY7Jcket1j0t5OuOsFzPPzsekD52Zl8qUfFIPEiswXqIvHWGVHOgX+7G/vCNNhehwxfkQ==, tarball: debug/download/debug-4.3.4.tgz}
    engines: {node: '>=6.0'}
    peerDependencies:
      supports-color: '*'
    peerDependenciesMeta:
      supports-color:
        optional: true
    dependencies:
      ms: 2.1.2
    dev: true

  /deep-eql/3.0.1:
    resolution: {integrity: sha1-38lARACtHI/gI+faHfHBR8S0RN8=, tarball: deep-eql/download/deep-eql-3.0.1.tgz}
    engines: {node: '>=0.12'}
    dependencies:
      type-detect: 4.0.8
    dev: true

  /dir-glob/3.0.1:
    resolution: {integrity: sha1-Vtv3PZkqSpO6FYT0U0Bj/S5BcX8=, tarball: dir-glob/download/dir-glob-3.0.1.tgz}
    engines: {node: '>=8'}
    dependencies:
      path-type: 4.0.0
    dev: true

  /error-ex/1.3.2:
    resolution: {integrity: sha1-tKxAZIEH/c3PriQvQovqihTU8b8=, tarball: error-ex/download/error-ex-1.3.2.tgz}
    dependencies:
      is-arrayish: 0.2.1
    dev: true

  /esbuild-android-64/0.14.48:
    resolution: {integrity: sha512-3aMjboap/kqwCUpGWIjsk20TtxVoKck8/4Tu19rubh7t5Ra0Yrpg30Mt1QXXlipOazrEceGeWurXKeFJgkPOUg==, tarball: esbuild-android-64/download/esbuild-android-64-0.14.48.tgz}
    engines: {node: '>=12'}
    cpu: [x64]
    os: [android]
    requiresBuild: true
    dev: true
    optional: true

  /esbuild-android-arm64/0.14.48:
    resolution: {integrity: sha512-vptI3K0wGALiDq+EvRuZotZrJqkYkN5282iAfcffjI5lmGG9G1ta/CIVauhY42MBXwEgDJkweiDcDMRLzBZC4g==, tarball: esbuild-android-arm64/download/esbuild-android-arm64-0.14.48.tgz}
    engines: {node: '>=12'}
    cpu: [arm64]
    os: [android]
    requiresBuild: true
    dev: true
    optional: true

  /esbuild-darwin-64/0.14.48:
    resolution: {integrity: sha512-gGQZa4+hab2Va/Zww94YbshLuWteyKGD3+EsVon8EWTWhnHFRm5N9NbALNbwi/7hQ/hM1Zm4FuHg+k6BLsl5UA==, tarball: esbuild-darwin-64/download/esbuild-darwin-64-0.14.48.tgz}
    engines: {node: '>=12'}
    cpu: [x64]
    os: [darwin]
    requiresBuild: true
    dev: true
    optional: true

  /esbuild-darwin-arm64/0.14.48:
    resolution: {integrity: sha512-bFjnNEXjhZT+IZ8RvRGNJthLWNHV5JkCtuOFOnjvo5pC0sk2/QVk0Qc06g2PV3J0TcU6kaPC3RN9yy9w2PSLEA==, tarball: esbuild-darwin-arm64/download/esbuild-darwin-arm64-0.14.48.tgz}
    engines: {node: '>=12'}
    cpu: [arm64]
    os: [darwin]
    requiresBuild: true
    dev: true
    optional: true

  /esbuild-freebsd-64/0.14.48:
    resolution: {integrity: sha512-1NOlwRxmOsnPcWOGTB10JKAkYSb2nue0oM1AfHWunW/mv3wERfJmnYlGzL3UAOIUXZqW8GeA2mv+QGwq7DToqA==, tarball: esbuild-freebsd-64/download/esbuild-freebsd-64-0.14.48.tgz}
    engines: {node: '>=12'}
    cpu: [x64]
    os: [freebsd]
    requiresBuild: true
    dev: true
    optional: true

  /esbuild-freebsd-arm64/0.14.48:
    resolution: {integrity: sha512-gXqKdO8wabVcYtluAbikDH2jhXp+Klq5oCD5qbVyUG6tFiGhrC9oczKq3vIrrtwcxDQqK6+HDYK8Zrd4bCA9Gw==, tarball: esbuild-freebsd-arm64/download/esbuild-freebsd-arm64-0.14.48.tgz}
    engines: {node: '>=12'}
    cpu: [arm64]
    os: [freebsd]
    requiresBuild: true
    dev: true
    optional: true

  /esbuild-linux-32/0.14.48:
    resolution: {integrity: sha512-ghGyDfS289z/LReZQUuuKq9KlTiTspxL8SITBFQFAFRA/IkIvDpnZnCAKTCjGXAmUqroMQfKJXMxyjJA69c/nQ==, tarball: esbuild-linux-32/download/esbuild-linux-32-0.14.48.tgz}
    engines: {node: '>=12'}
    cpu: [ia32]
    os: [linux]
    requiresBuild: true
    dev: true
    optional: true

  /esbuild-linux-64/0.14.48:
    resolution: {integrity: sha512-vni3p/gppLMVZLghI7oMqbOZdGmLbbKR23XFARKnszCIBpEMEDxOMNIKPmMItQrmH/iJrL1z8Jt2nynY0bE1ug==, tarball: esbuild-linux-64/download/esbuild-linux-64-0.14.48.tgz}
    engines: {node: '>=12'}
    cpu: [x64]
    os: [linux]
    requiresBuild: true
    dev: true
    optional: true

  /esbuild-linux-arm/0.14.48:
    resolution: {integrity: sha512-+VfSV7Akh1XUiDNXgqgY1cUP1i2vjI+BmlyXRfVz5AfV3jbpde8JTs5Q9sYgaoq5cWfuKfoZB/QkGOI+QcL1Tw==, tarball: esbuild-linux-arm/download/esbuild-linux-arm-0.14.48.tgz}
    engines: {node: '>=12'}
    cpu: [arm]
    os: [linux]
    requiresBuild: true
    dev: true
    optional: true

  /esbuild-linux-arm64/0.14.48:
    resolution: {integrity: sha512-3CFsOlpoxlKPRevEHq8aAntgYGYkE1N9yRYAcPyng/p4Wyx0tPR5SBYsxLKcgPB9mR8chHEhtWYz6EZ+H199Zw==, tarball: esbuild-linux-arm64/download/esbuild-linux-arm64-0.14.48.tgz}
    engines: {node: '>=12'}
    cpu: [arm64]
    os: [linux]
    requiresBuild: true
    dev: true
    optional: true

  /esbuild-linux-mips64le/0.14.48:
    resolution: {integrity: sha512-cs0uOiRlPp6ymknDnjajCgvDMSsLw5mST2UXh+ZIrXTj2Ifyf2aAP3Iw4DiqgnyYLV2O/v/yWBJx+WfmKEpNLA==, tarball: esbuild-linux-mips64le/download/esbuild-linux-mips64le-0.14.48.tgz}
    engines: {node: '>=12'}
    cpu: [mips64el]
    os: [linux]
    requiresBuild: true
    dev: true
    optional: true

  /esbuild-linux-ppc64le/0.14.48:
    resolution: {integrity: sha512-+2F0vJMkuI0Wie/wcSPDCqXvSFEELH7Jubxb7mpWrA/4NpT+/byjxDz0gG6R1WJoeDefcrMfpBx4GFNN1JQorQ==, tarball: esbuild-linux-ppc64le/download/esbuild-linux-ppc64le-0.14.48.tgz}
    engines: {node: '>=12'}
    cpu: [ppc64]
    os: [linux]
    requiresBuild: true
    dev: true
    optional: true

  /esbuild-linux-riscv64/0.14.48:
    resolution: {integrity: sha512-BmaK/GfEE+5F2/QDrIXteFGKnVHGxlnK9MjdVKMTfvtmudjY3k2t8NtlY4qemKSizc+QwyombGWTBDc76rxePA==, tarball: esbuild-linux-riscv64/download/esbuild-linux-riscv64-0.14.48.tgz}
    engines: {node: '>=12'}
    cpu: [riscv64]
    os: [linux]
    requiresBuild: true
    dev: true
    optional: true

  /esbuild-linux-s390x/0.14.48:
    resolution: {integrity: sha512-tndw/0B9jiCL+KWKo0TSMaUm5UWBLsfCKVdbfMlb3d5LeV9WbijZ8Ordia8SAYv38VSJWOEt6eDCdOx8LqkC4g==, tarball: esbuild-linux-s390x/download/esbuild-linux-s390x-0.14.48.tgz}
    engines: {node: '>=12'}
    cpu: [s390x]
    os: [linux]
    requiresBuild: true
    dev: true
    optional: true

  /esbuild-netbsd-64/0.14.48:
    resolution: {integrity: sha512-V9hgXfwf/T901Lr1wkOfoevtyNkrxmMcRHyticybBUHookznipMOHoF41Al68QBsqBxnITCEpjjd4yAos7z9Tw==, tarball: esbuild-netbsd-64/download/esbuild-netbsd-64-0.14.48.tgz}
    engines: {node: '>=12'}
    cpu: [x64]
    os: [netbsd]
    requiresBuild: true
    dev: true
    optional: true

  /esbuild-openbsd-64/0.14.48:
    resolution: {integrity: sha512-+IHf4JcbnnBl4T52egorXMatil/za0awqzg2Vy6FBgPcBpisDWT2sVz/tNdrK9kAqj+GZG/jZdrOkj7wsrNTKA==, tarball: esbuild-openbsd-64/download/esbuild-openbsd-64-0.14.48.tgz}
    engines: {node: '>=12'}
    cpu: [x64]
    os: [openbsd]
    requiresBuild: true
    dev: true
    optional: true

  /esbuild-sunos-64/0.14.48:
    resolution: {integrity: sha512-77m8bsr5wOpOWbGi9KSqDphcq6dFeJyun8TA+12JW/GAjyfTwVtOnN8DOt6DSPUfEV+ltVMNqtXUeTeMAxl5KA==, tarball: esbuild-sunos-64/download/esbuild-sunos-64-0.14.48.tgz}
    engines: {node: '>=12'}
    cpu: [x64]
    os: [sunos]
    requiresBuild: true
    dev: true
    optional: true

  /esbuild-windows-32/0.14.48:
    resolution: {integrity: sha512-EPgRuTPP8vK9maxpTGDe5lSoIBHGKO/AuxDncg5O3NkrPeLNdvvK8oywB0zGaAZXxYWfNNSHskvvDgmfVTguhg==, tarball: esbuild-windows-32/download/esbuild-windows-32-0.14.48.tgz}
    engines: {node: '>=12'}
    cpu: [ia32]
    os: [win32]
    requiresBuild: true
    dev: true
    optional: true

  /esbuild-windows-64/0.14.48:
    resolution: {integrity: sha512-YmpXjdT1q0b8ictSdGwH3M8VCoqPpK1/UArze3X199w6u8hUx3V8BhAi1WjbsfDYRBanVVtduAhh2sirImtAvA==, tarball: esbuild-windows-64/download/esbuild-windows-64-0.14.48.tgz}
    engines: {node: '>=12'}
    cpu: [x64]
    os: [win32]
    requiresBuild: true
    dev: true
    optional: true

  /esbuild-windows-arm64/0.14.48:
    resolution: {integrity: sha512-HHaOMCsCXp0rz5BT2crTka6MPWVno121NKApsGs/OIW5QC0ggC69YMGs1aJct9/9FSUF4A1xNE/cLvgB5svR4g==, tarball: esbuild-windows-arm64/download/esbuild-windows-arm64-0.14.48.tgz}
    engines: {node: '>=12'}
    cpu: [arm64]
    os: [win32]
    requiresBuild: true
    dev: true
    optional: true

  /esbuild/0.14.48:
    resolution: {integrity: sha512-w6N1Yn5MtqK2U1/WZTX9ZqUVb8IOLZkZ5AdHkT6x3cHDMVsYWC7WPdiLmx19w3i4Rwzy5LqsEMtVihG3e4rFzA==, tarball: esbuild/download/esbuild-0.14.48.tgz}
    engines: {node: '>=12'}
    hasBin: true
    requiresBuild: true
    optionalDependencies:
      esbuild-android-64: 0.14.48
      esbuild-android-arm64: 0.14.48
      esbuild-darwin-64: 0.14.48
      esbuild-darwin-arm64: 0.14.48
      esbuild-freebsd-64: 0.14.48
      esbuild-freebsd-arm64: 0.14.48
      esbuild-linux-32: 0.14.48
      esbuild-linux-64: 0.14.48
      esbuild-linux-arm: 0.14.48
      esbuild-linux-arm64: 0.14.48
      esbuild-linux-mips64le: 0.14.48
      esbuild-linux-ppc64le: 0.14.48
      esbuild-linux-riscv64: 0.14.48
      esbuild-linux-s390x: 0.14.48
      esbuild-netbsd-64: 0.14.48
      esbuild-openbsd-64: 0.14.48
      esbuild-sunos-64: 0.14.48
      esbuild-windows-32: 0.14.48
      esbuild-windows-64: 0.14.48
      esbuild-windows-arm64: 0.14.48
    dev: true

  /escape-string-regexp/1.0.5:
    resolution: {integrity: sha1-G2HAViGQqN/2rjuyzwIAyhMLhtQ=, tarball: escape-string-regexp/download/escape-string-regexp-1.0.5.tgz}
    engines: {node: '>=0.8.0'}
    dev: true

  /execa/5.0.0:
    resolution: {integrity: sha1-QCmwAHmYqEH70QMuX03oajweM3Y=, tarball: execa/download/execa-5.0.0.tgz}
    engines: {node: '>=10'}
    dependencies:
      cross-spawn: 7.0.3
      get-stream: 6.0.0
      human-signals: 2.1.0
      is-stream: 2.0.0
      merge-stream: 2.0.0
      npm-run-path: 4.0.1
      onetime: 5.1.2
      signal-exit: 3.0.3
      strip-final-newline: 2.0.0
    dev: true

  /fast-glob/3.2.5:
    resolution: {integrity: sha1-eTmvKmVt55pPGQGQPuityqfLlmE=, tarball: fast-glob/download/fast-glob-3.2.5.tgz}
    engines: {node: '>=8'}
    dependencies:
      '@nodelib/fs.stat': 2.0.4
      '@nodelib/fs.walk': 1.2.6
      glob-parent: 5.1.2
      merge2: 1.4.1
      micromatch: 4.0.4
      picomatch: 2.3.0
    dev: true

  /fastq/1.11.0:
    resolution: {integrity: sha1-u5+5VaBxMKkY62PB9RYcwypdCFg=, tarball: fastq/download/fastq-1.11.0.tgz}
    dependencies:
      reusify: 1.0.4
    dev: true

  /fill-range/7.0.1:
    resolution: {integrity: sha1-GRmmp8df44ssfHflGYU12prN2kA=, tarball: fill-range/download/fill-range-7.0.1.tgz}
    engines: {node: '>=8'}
    dependencies:
      to-regex-range: 5.0.1
    dev: true

  /fs.realpath/1.0.0:
    resolution: {integrity: sha1-FQStJSMVjKpA20onh8sBQRmU6k8=, tarball: fs.realpath/download/fs.realpath-1.0.0.tgz}
    dev: true

  /fsevents/2.3.2:
    resolution: {integrity: sha1-ilJveLj99GI7cJ4Ll1xSwkwC/Ro=, tarball: fsevents/download/fsevents-2.3.2.tgz}
    engines: {node: ^8.16.0 || ^10.6.0 || >=11.0.0}
    os: [darwin]
    requiresBuild: true
    dev: true
    optional: true

  /function-bind/1.1.1:
    resolution: {integrity: sha1-pWiZ0+o8m6uHS7l3O3xe3pL0iV0=, tarball: function-bind/download/function-bind-1.1.1.tgz}
    dev: true

  /get-func-name/2.0.0:
    resolution: {integrity: sha1-6td0q+5y4gQJQzoGY2YCPdaIekE=, tarball: get-func-name/download/get-func-name-2.0.0.tgz}
    dev: true

  /get-stream/6.0.0:
    resolution: {integrity: sha1-PgASy2gnMZ2icG5gGhWD6GKaZxg=, tarball: get-stream/download/get-stream-6.0.0.tgz}
    engines: {node: '>=10'}
    dev: true

  /glob-parent/5.1.2:
    resolution: {integrity: sha1-hpgyxYA0/mikCTwX3BXoNA2EAcQ=, tarball: glob-parent/download/glob-parent-5.1.2.tgz}
    engines: {node: '>= 6'}
    dependencies:
      is-glob: 4.0.1
    dev: true

  /glob/7.1.6:
    resolution: {integrity: sha1-FB8zuBp8JJLhJVlDB0gMRmeSeKY=, tarball: glob/download/glob-7.1.6.tgz}
    dependencies:
      fs.realpath: 1.0.0
      inflight: 1.0.6
      inherits: 2.0.4
      minimatch: 3.0.4
      once: 1.4.0
      path-is-absolute: 1.0.1
    dev: true

  /globby/11.0.4:
    resolution: {integrity: sha1-LLr/d8Lypi5x6bKBOme5ejowAaU=, tarball: globby/download/globby-11.0.4.tgz}
    engines: {node: '>=10'}
    dependencies:
      array-union: 2.1.0
      dir-glob: 3.0.1
      fast-glob: 3.2.5
      ignore: 5.1.8
      merge2: 1.4.1
      slash: 3.0.0
    dev: true

  /has-flag/3.0.0:
    resolution: {integrity: sha1-tdRU3CGZriJWmfNGfloH87lVuv0=, tarball: has-flag/download/has-flag-3.0.0.tgz}
    engines: {node: '>=4'}
    dev: true

  /has/1.0.3:
    resolution: {integrity: sha1-ci18v8H2qoJB8W3YFOAR4fQeh5Y=, tarball: has/download/has-1.0.3.tgz}
    engines: {node: '>= 0.4.0'}
    dependencies:
      function-bind: 1.1.1
    dev: true

  /human-signals/2.1.0:
    resolution: {integrity: sha1-3JH8ukLk0G5Kuu0zs+ejwC9RTqA=, tarball: human-signals/download/human-signals-2.1.0.tgz}
    engines: {node: '>=10.17.0'}
    dev: true

  /ignore/5.1.8:
    resolution: {integrity: sha1-8VCotQo0KJsz4i9YiavU2AFvDlc=, tarball: ignore/download/ignore-5.1.8.tgz}
    engines: {node: '>= 4'}
    dev: true

  /import-cwd/3.0.0:
    resolution: {integrity: sha1-IIRVR3GAFRJuqbNna3WS+4vUz5I=, tarball: import-cwd/download/import-cwd-3.0.0.tgz}
    engines: {node: '>=8'}
    dependencies:
      import-from: 3.0.0
    dev: true

  /import-fresh/3.3.0:
    resolution: {integrity: sha1-NxYsJfy566oublPVtNiM4X2eDCs=, tarball: import-fresh/download/import-fresh-3.3.0.tgz}
    engines: {node: '>=6'}
    dependencies:
      parent-module: 1.0.1
      resolve-from: 4.0.0
    dev: true

  /import-from/3.0.0:
    resolution: {integrity: sha1-BVz+w4zVon2AV8pRN219O/CJGWY=, tarball: import-from/download/import-from-3.0.0.tgz}
    engines: {node: '>=8'}
    dependencies:
      resolve-from: 5.0.0
    dev: true

  /inflight/1.0.6:
    resolution: {integrity: sha1-Sb1jMdfQLQwJvJEKEHW6gWW1bfk=, tarball: inflight/download/inflight-1.0.6.tgz}
    dependencies:
      once: 1.4.0
      wrappy: 1.0.2
    dev: true

  /inherits/2.0.4:
    resolution: {integrity: sha1-D6LGT5MpF8NDOg3tVTY6rjdBa3w=, tarball: inherits/download/inherits-2.0.4.tgz}
    dev: true

  /is-arrayish/0.2.1:
    resolution: {integrity: sha1-d8mYQFJ6qOyxqLppe4BkWnqSap0=, tarball: is-arrayish/download/is-arrayish-0.2.1.tgz}
    dev: true

  /is-binary-path/2.1.0:
    resolution: {integrity: sha1-6h9/O4DwZCNug0cPhsCcJU+0Wwk=, tarball: is-binary-path/download/is-binary-path-2.1.0.tgz}
    engines: {node: '>=8'}
    dependencies:
      binary-extensions: 2.2.0
    dev: true

  /is-core-module/2.9.0:
    resolution: {integrity: sha512-+5FPy5PnwmO3lvfMb0AsoPaBG+5KHUI0wYFXOtYPnVVVspTFUuMZNfNaNVRt3FZadstu2c8x23vykRW/NBoU6A==, tarball: is-core-module/download/is-core-module-2.9.0.tgz}
    dependencies:
      has: 1.0.3
    dev: true

  /is-extglob/2.1.1:
    resolution: {integrity: sha1-qIwCU1eR8C7TfHahueqXc8gz+MI=, tarball: is-extglob/download/is-extglob-2.1.1.tgz}
    engines: {node: '>=0.10.0'}
    dev: true

  /is-glob/4.0.1:
    resolution: {integrity: sha1-dWfb6fL14kZ7x3q4PEopSCQHpdw=, tarball: is-glob/download/is-glob-4.0.1.tgz}
    engines: {node: '>=0.10.0'}
    dependencies:
      is-extglob: 2.1.1
    dev: true

  /is-number/7.0.0:
    resolution: {integrity: sha1-dTU0W4lnNNX4DE0GxQlVUnoU8Ss=, tarball: is-number/download/is-number-7.0.0.tgz}
    engines: {node: '>=0.12.0'}
    dev: true

  /is-stream/2.0.0:
    resolution: {integrity: sha1-venDJoDW+uBBKdasnZIc54FfeOM=, tarball: is-stream/download/is-stream-2.0.0.tgz}
    engines: {node: '>=8'}
    dev: true

  /isexe/2.0.0:
    resolution: {integrity: sha1-6PvzdNxVb/iUehDcsFctYz8s+hA=, tarball: isexe/download/isexe-2.0.0.tgz}
    dev: true

  /joycon/3.0.1:
    resolution: {integrity: sha1-kHTJsIzPN6Zyb/dKGEhfhe/K3a8=, tarball: joycon/download/joycon-3.0.1.tgz}
    engines: {node: '>=10'}
    dev: true

  /js-tokens/4.0.0:
    resolution: {integrity: sha1-GSA/tZmR35jjoocFDUZHzerzJJk=, tarball: js-tokens/download/js-tokens-4.0.0.tgz}
    dev: true

  /json-parse-even-better-errors/2.3.1:
    resolution: {integrity: sha1-fEeAWpQxmSjgV3dAXcEuH3pO4C0=, tarball: json-parse-even-better-errors/download/json-parse-even-better-errors-2.3.1.tgz}
    dev: true

  /lines-and-columns/1.1.6:
    resolution: {integrity: sha1-HADHQ7QzzQpOgHWPe2SldEDZ/wA=, tarball: lines-and-columns/download/lines-and-columns-1.1.6.tgz}
    dev: true

  /load-tsconfig/0.2.3:
    resolution: {integrity: sha512-iyT2MXws+dc2Wi6o3grCFtGXpeMvHmJqS27sMPGtV2eUu4PeFnG+33I8BlFK1t1NWMjOpcx9bridn5yxLDX2gQ==, tarball: load-tsconfig/download/load-tsconfig-0.2.3.tgz}
    engines: {node: ^12.20.0 || ^14.13.1 || >=16.0.0}
    dev: true

  /local-pkg/0.4.1:
    resolution: {integrity: sha512-lL87ytIGP2FU5PWwNDo0w3WhIo2gopIAxPg9RxDYF7m4rr5ahuZxP22xnJHIvaLTe4Z9P6uKKY2UHiwyB4pcrw==, tarball: local-pkg/download/local-pkg-0.4.1.tgz}
    engines: {node: '>=14'}
    dev: true

  /lodash.sortby/4.7.0:
    resolution: {integrity: sha1-7dFMgk4sycHgsKG0K7UhBRakJDg=, tarball: lodash.sortby/download/lodash.sortby-4.7.0.tgz}
    dev: true

  /loupe/2.3.1:
    resolution: {integrity: sha512-EN1D3jyVmaX4tnajVlfbREU4axL647hLec1h/PXAb8CPDMJiYitcWF2UeLVNttRqaIqQs4x+mRvXf+d+TlDrCA==, tarball: loupe/download/loupe-2.3.1.tgz}
    dependencies:
      get-func-name: 2.0.0
    dev: true

  /merge-stream/2.0.0:
    resolution: {integrity: sha1-UoI2KaFN0AyXcPtq1H3GMQ8sH2A=, tarball: merge-stream/download/merge-stream-2.0.0.tgz}
    dev: true

  /merge2/1.4.1:
    resolution: {integrity: sha1-Q2iJL4hekHRVpv19xVwMnUBJkK4=, tarball: merge2/download/merge2-1.4.1.tgz}
    engines: {node: '>= 8'}
    dev: true

  /micromatch/4.0.4:
    resolution: {integrity: sha1-iW1Rnf6dsl/OlM63pQCRm/iB6/k=, tarball: micromatch/download/micromatch-4.0.4.tgz}
    engines: {node: '>=8.6'}
    dependencies:
      braces: 3.0.2
      picomatch: 2.3.0
    dev: true

  /mimic-fn/2.1.0:
    resolution: {integrity: sha1-ftLCzMyvhNP/y3pptXcR/CCDQBs=, tarball: mimic-fn/download/mimic-fn-2.1.0.tgz}
    engines: {node: '>=6'}
    dev: true

  /minimatch/3.0.4:
    resolution: {integrity: sha1-UWbihkV/AzBgZL5Ul+jbsMPTIIM=, tarball: minimatch/download/minimatch-3.0.4.tgz}
    dependencies:
      brace-expansion: 1.1.11
    dev: true

  /ms/2.1.2:
    resolution: {integrity: sha1-0J0fNXtEP0kzgqjrPM0YOHKuYAk=, tarball: ms/download/ms-2.1.2.tgz}
    dev: true

  /mz/2.7.0:
    resolution: {integrity: sha1-lQCAV6Vsr63CvGPd5/n/aVWUjjI=, tarball: mz/download/mz-2.7.0.tgz}
    dependencies:
      any-promise: 1.3.0
      object-assign: 4.1.1
      thenify-all: 1.6.0
    dev: true

  /nanoid/3.3.4:
    resolution: {integrity: sha512-MqBkQh/OHTS2egovRtLk45wEyNXwF+cokD+1YPf9u5VfJiRdAiRwB2froX5Co9Rh20xs4siNPm8naNotSD6RBw==, tarball: nanoid/download/nanoid-3.3.4.tgz}
    engines: {node: ^10 || ^12 || ^13.7 || ^14 || >=15.0.1}
    hasBin: true
    dev: true

  /node-modules-regexp/1.0.0:
    resolution: {integrity: sha1-jZ2+KJZKSsVxLpExZCEHxx6Q7EA=, tarball: node-modules-regexp/download/node-modules-regexp-1.0.0.tgz}
    engines: {node: '>=0.10.0'}
    dev: true

  /normalize-path/3.0.0:
    resolution: {integrity: sha1-Dc1p/yOhybEf0JeDFmRKA4ghamU=, tarball: normalize-path/download/normalize-path-3.0.0.tgz}
    engines: {node: '>=0.10.0'}
    dev: true

  /npm-run-path/4.0.1:
    resolution: {integrity: sha1-t+zR5e1T2o43pV4cImnguX7XSOo=, tarball: npm-run-path/download/npm-run-path-4.0.1.tgz}
    engines: {node: '>=8'}
    dependencies:
      path-key: 3.1.1
    dev: true

  /object-assign/4.1.1:
    resolution: {integrity: sha1-IQmtx5ZYh8/AXLvUQsrIv7s2CGM=, tarball: object-assign/download/object-assign-4.1.1.tgz}
    engines: {node: '>=0.10.0'}
    dev: true

  /once/1.4.0:
    resolution: {integrity: sha1-WDsap3WWHUsROsF9nFC6753Xa9E=, tarball: once/download/once-1.4.0.tgz}
    dependencies:
      wrappy: 1.0.2
    dev: true

  /onetime/5.1.2:
    resolution: {integrity: sha1-0Oluu1awdHbfHdnEgG5SN5hcpF4=, tarball: onetime/download/onetime-5.1.2.tgz}
    engines: {node: '>=6'}
    dependencies:
      mimic-fn: 2.1.0
    dev: true

  /parent-module/1.0.1:
    resolution: {integrity: sha1-aR0nCeeMefrjoVZiJFLQB2LKqqI=, tarball: parent-module/download/parent-module-1.0.1.tgz}
    engines: {node: '>=6'}
    dependencies:
      callsites: 3.1.0
    dev: true

  /parse-json/5.2.0:
    resolution: {integrity: sha1-x2/Gbe5UIxyWKyK8yKcs8vmXU80=, tarball: parse-json/download/parse-json-5.2.0.tgz}
    engines: {node: '>=8'}
    dependencies:
      '@babel/code-frame': 7.12.13
      error-ex: 1.3.2
      json-parse-even-better-errors: 2.3.1
      lines-and-columns: 1.1.6
    dev: true

  /path-is-absolute/1.0.1:
    resolution: {integrity: sha1-F0uSaHNVNP+8es5r9TpanhtcX18=, tarball: path-is-absolute/download/path-is-absolute-1.0.1.tgz}
    engines: {node: '>=0.10.0'}
    dev: true

  /path-key/3.1.1:
    resolution: {integrity: sha1-WB9q3mWMu6ZaDTOA3ndTKVBU83U=, tarball: path-key/download/path-key-3.1.1.tgz}
    engines: {node: '>=8'}
    dev: true

  /path-parse/1.0.7:
    resolution: {integrity: sha1-+8EUtgykKzDZ2vWFjkvWi77bZzU=, tarball: path-parse/download/path-parse-1.0.7.tgz}
    dev: true

  /path-type/4.0.0:
    resolution: {integrity: sha1-hO0BwKe6OAr+CdkKjBgNzZ0DBDs=, tarball: path-type/download/path-type-4.0.0.tgz}
    engines: {node: '>=8'}
    dev: true

  /pathval/1.1.1:
    resolution: {integrity: sha1-hTTnenfOesWiUS6iHg/bj89sPY0=, tarball: pathval/download/pathval-1.1.1.tgz}
    dev: true

  /picocolors/1.0.0:
    resolution: {integrity: sha1-y1vcdP8/UYkiNur3nWi8RFZKuBw=, tarball: picocolors/download/picocolors-1.0.0.tgz}
    dev: true

  /picomatch/2.3.0:
    resolution: {integrity: sha1-8fBh3o9qS/AiiS4tEoI0+5gwKXI=, tarball: picomatch/download/picomatch-2.3.0.tgz}
    engines: {node: '>=8.6'}
    dev: true

  /pirates/4.0.1:
    resolution: {integrity: sha1-ZDqSyviUVm+RsrmG0sZpUKji+4c=, tarball: pirates/download/pirates-4.0.1.tgz}
    engines: {node: '>= 6'}
    dependencies:
      node-modules-regexp: 1.0.0
    dev: true

  /postcss-load-config/3.0.1:
    resolution: {integrity: sha1-0hS/nP7BYI/68PQWGzuiBmSrZLk=, tarball: postcss-load-config/download/postcss-load-config-3.0.1.tgz}
    engines: {node: '>= 10'}
    dependencies:
      cosmiconfig: 7.0.0
      import-cwd: 3.0.0
    dev: true

  /postcss/8.4.14:
    resolution: {integrity: sha512-E398TUmfAYFPBSdzgeieK2Y1+1cpdxJx8yXbK/m57nRhKSmk1GB2tO4lbLBtlkfPQTDKfe4Xqv1ASWPpayPEig==, tarball: postcss/download/postcss-8.4.14.tgz}
    engines: {node: ^10 || ^12 || >=14}
    dependencies:
      nanoid: 3.3.4
      picocolors: 1.0.0
      source-map-js: 1.0.2
    dev: true

  /prettier/2.7.1:
    resolution: {integrity: sha512-ujppO+MkdPqoVINuDFDRLClm7D78qbDt0/NR+wp5FqEZOoTNAjPHWj17QRhu7geIHJfcNhRk1XVQmF8Bp3ye+g==, tarball: prettier/download/prettier-2.7.1.tgz}
    engines: {node: '>=10.13.0'}
    hasBin: true
    dev: true

  /punycode/2.1.1:
    resolution: {integrity: sha1-tYsBCsQMIsVldhbI0sLALHv0eew=, tarball: punycode/download/punycode-2.1.1.tgz}
    engines: {node: '>=6'}
    dev: true

  /queue-microtask/1.2.2:
    resolution: {integrity: sha1-q/ZEkebs8POKZQJAPUzaBPNy39M=, tarball: queue-microtask/download/queue-microtask-1.2.2.tgz}
    dev: true

  /readdirp/3.5.0:
    resolution: {integrity: sha1-m6dMAZsV02UnjS6Ru4xI17TULJ4=, tarball: readdirp/download/readdirp-3.5.0.tgz}
    engines: {node: '>=8.10.0'}
    dependencies:
      picomatch: 2.3.0
    dev: true

  /resolve-from/4.0.0:
    resolution: {integrity: sha1-SrzYUq0y3Xuqv+m0DgCjbbXzkuY=, tarball: resolve-from/download/resolve-from-4.0.0.tgz}
    engines: {node: '>=4'}
    dev: true

  /resolve-from/5.0.0:
    resolution: {integrity: sha1-w1IlhD3493bfIcV1V7wIfp39/Gk=, tarball: resolve-from/download/resolve-from-5.0.0.tgz}
    engines: {node: '>=8'}
    dev: true

  /resolve/1.22.1:
    resolution: {integrity: sha512-nBpuuYuY5jFsli/JIs1oldw6fOQCBioohqWZg/2hiaOybXOft4lonv85uDOKXdf8rhyK159cxU5cDcK/NKk8zw==, tarball: resolve/download/resolve-1.22.1.tgz}
    hasBin: true
    dependencies:
      is-core-module: 2.9.0
      path-parse: 1.0.7
      supports-preserve-symlinks-flag: 1.0.0
    dev: true

  /reusify/1.0.4:
    resolution: {integrity: sha1-kNo4Kx4SbvwCFG6QhFqI2xKSXXY=, tarball: reusify/download/reusify-1.0.4.tgz}
    engines: {iojs: '>=1.0.0', node: '>=0.10.0'}
    dev: true

  /rollup/2.75.7:
    resolution: {integrity: sha512-VSE1iy0eaAYNCxEXaleThdFXqZJ42qDBatAwrfnPlENEZ8erQ+0LYX4JXOLPceWfZpV1VtZwZ3dFCuOZiSyFtQ==, tarball: rollup/download/rollup-2.75.7.tgz}
    engines: {node: '>=10.0.0'}
    hasBin: true
    optionalDependencies:
      fsevents: 2.3.2
    dev: true

  /run-parallel/1.2.0:
    resolution: {integrity: sha1-ZtE2jae9+SHrnZW9GpIp5/IaQ+4=, tarball: run-parallel/download/run-parallel-1.2.0.tgz}
    dependencies:
      queue-microtask: 1.2.2
    dev: true

  /shebang-command/2.0.0:
    resolution: {integrity: sha1-zNCvT4g1+9wmW4JGGq8MNmY/NOo=, tarball: shebang-command/download/shebang-command-2.0.0.tgz}
    engines: {node: '>=8'}
    dependencies:
      shebang-regex: 3.0.0
    dev: true

  /shebang-regex/3.0.0:
    resolution: {integrity: sha1-rhbxZE2HPsrYQ7AwexQzYtTEIXI=, tarball: shebang-regex/download/shebang-regex-3.0.0.tgz}
    engines: {node: '>=8'}
    dev: true

  /signal-exit/3.0.3:
    resolution: {integrity: sha1-oUEMLt2PB3sItOJTyOrPyvBXRhw=, tarball: signal-exit/download/signal-exit-3.0.3.tgz}
    dev: true

  /slash/3.0.0:
    resolution: {integrity: sha1-ZTm+hwwWWtvVJAIg2+Nh8bxNRjQ=, tarball: slash/download/slash-3.0.0.tgz}
    engines: {node: '>=8'}
    dev: true

  /source-map-js/1.0.2:
    resolution: {integrity: sha512-R0XvVJ9WusLiqTCEiGCmICCMplcCkIwwR11mOSD9CR5u+IXYdiseeEuXCVAjS54zqwkLcPNnmU4OeJ6tUrWhDw==, tarball: source-map-js/download/source-map-js-1.0.2.tgz}
    engines: {node: '>=0.10.0'}
    dev: true

  /source-map/0.8.0-beta.0:
    resolution: {integrity: sha1-1MG7QsP37pJfAFknuhBwng0dHxE=, tarball: source-map/download/source-map-0.8.0-beta.0.tgz}
    engines: {node: '>= 8'}
    dependencies:
      whatwg-url: 7.1.0
    dev: true

  /strip-final-newline/2.0.0:
    resolution: {integrity: sha1-ibhS+y/L6Tb29LMYevsKEsGrWK0=, tarball: strip-final-newline/download/strip-final-newline-2.0.0.tgz}
    engines: {node: '>=6'}
    dev: true

  /sucrase/3.20.3:
    resolution: {integrity: sha1-Qk8edbd/lVcksGBg8a5wj18JNc8=, tarball: sucrase/download/sucrase-3.20.3.tgz}
    engines: {node: '>=8'}
    hasBin: true
    dependencies:
      commander: 4.1.1
      glob: 7.1.6
      lines-and-columns: 1.1.6
      mz: 2.7.0
      pirates: 4.0.1
      ts-interface-checker: 0.1.13
    dev: true

  /supports-color/5.5.0:
    resolution: {integrity: sha1-4uaaRKyHcveKHsCzW2id9lMO/I8=, tarball: supports-color/download/supports-color-5.5.0.tgz}
    engines: {node: '>=4'}
    dependencies:
      has-flag: 3.0.0
    dev: true

  /supports-preserve-symlinks-flag/1.0.0:
    resolution: {integrity: sha512-ot0WnXS9fgdkgIcePe6RHNk1WA8+muPa6cSjeR3V8K27q9BB1rTE3R1p7Hv0z1ZyAc8s6Vvv8DIyWf681MAt0w==, tarball: supports-preserve-symlinks-flag/download/supports-preserve-symlinks-flag-1.0.0.tgz}
    engines: {node: '>= 0.4'}
    dev: true

  /thenify-all/1.6.0:
    resolution: {integrity: sha1-GhkY1ALY/D+Y+/I02wvMjMEOlyY=, tarball: thenify-all/download/thenify-all-1.6.0.tgz}
    engines: {node: '>=0.8'}
    dependencies:
      thenify: 3.3.1
    dev: true

  /thenify/3.3.1:
    resolution: {integrity: sha1-iTLmhqQGYDigFt2eLKRq3Zg4qV8=, tarball: thenify/download/thenify-3.3.1.tgz}
    dependencies:
      any-promise: 1.3.0
    dev: true

  /tinypool/0.2.1:
    resolution: {integrity: sha512-HFU5ZYVq3wBfhSaf8qdqGsneaqXm0FgJQpoUlJbVdHpRLzm77IneKAD3RjzJWZvIv0YpPB9S7LUW53f6BE6ZSg==, tarball: tinypool/download/tinypool-0.2.1.tgz}
    engines: {node: '>=14.0.0'}
    dev: true

  /tinyspy/0.3.3:
    resolution: {integrity: sha512-gRiUR8fuhUf0W9lzojPf1N1euJYA30ISebSfgca8z76FOvXtVXqd5ojEIaKLWbDQhAaC3ibxZIjqbyi4ybjcTw==, tarball: tinyspy/download/tinyspy-0.3.3.tgz}
    engines: {node: '>=14.0.0'}
    dev: true

  /to-regex-range/5.0.1:
    resolution: {integrity: sha1-FkjESq58jZiKMmAY7XL1tN0DkuQ=, tarball: to-regex-range/download/to-regex-range-5.0.1.tgz}
    engines: {node: '>=8.0'}
    dependencies:
      is-number: 7.0.0
    dev: true

  /tr46/1.0.1:
    resolution: {integrity: sha1-qLE/1r/SSJUZZ0zN5VujaTtwbQk=, tarball: tr46/download/tr46-1.0.1.tgz}
    dependencies:
      punycode: 2.1.1
    dev: true

  /tree-kill/1.2.2:
    resolution: {integrity: sha1-TKCakJLIi3OnzcXooBtQeweQoMw=, tarball: tree-kill/download/tree-kill-1.2.2.tgz}
    hasBin: true
    dev: true

  /ts-interface-checker/0.1.13:
    resolution: {integrity: sha1-eE/T1nlyK8EDsbS4AwvN212yppk=, tarball: ts-interface-checker/download/ts-interface-checker-0.1.13.tgz}
    dev: true

  /tsup/6.1.2_typescript@4.7.4:
    resolution: {integrity: sha512-Hw4hKDHaAQkm2eVavlArEOrAPA93bziRDamdfwaNs0vXQdUUFfItvUWY0L/F6oQQMVh6GvjQq1+HpDXw8UKtPA==, tarball: tsup/download/tsup-6.1.2.tgz}
    engines: {node: '>=14'}
    hasBin: true
    peerDependencies:
      '@swc/core': ^1
      postcss: ^8.4.12
      typescript: ^4.1.0
    peerDependenciesMeta:
      '@swc/core':
        optional: true
      postcss:
        optional: true
      typescript:
        optional: true
    dependencies:
      bundle-require: 3.0.4_esbuild@0.14.48
      cac: 6.7.12
      chokidar: 3.5.1
      debug: 4.3.1
      esbuild: 0.14.48
      execa: 5.0.0
      globby: 11.0.4
      joycon: 3.0.1
      postcss-load-config: 3.0.1
      resolve-from: 5.0.0
      rollup: 2.75.7
      source-map: 0.8.0-beta.0
      sucrase: 3.20.3
      tree-kill: 1.2.2
      typescript: 4.7.4
    transitivePeerDependencies:
      - supports-color
    dev: true

  /type-detect/4.0.8:
    resolution: {integrity: sha1-dkb7XxiHHPu3dJ5pvTmmOI63RQw=, tarball: type-detect/download/type-detect-4.0.8.tgz}
    engines: {node: '>=4'}
    dev: true

  /typescript/4.7.4:
    resolution: {integrity: sha512-C0WQT0gezHuw6AdY1M2jxUO83Rjf0HP7Sk1DtXj6j1EwkQNZrHAg2XPWlq62oqEhYvONq5pkC2Y9oPljWToLmQ==, tarball: typescript/download/typescript-4.7.4.tgz}
    engines: {node: '>=4.2.0'}
    hasBin: true
    dev: true

  /vite/2.9.13:
    resolution: {integrity: sha512-AsOBAaT0AD7Mhe8DuK+/kE4aWYFMx/i0ZNi98hJclxb4e0OhQcZYUrvLjIaQ8e59Ui7txcvKMiJC1yftqpQoDw==, tarball: vite/download/vite-2.9.13.tgz}
    engines: {node: '>=12.2.0'}
    hasBin: true
    peerDependencies:
      less: '*'
      sass: '*'
      stylus: '*'
    peerDependenciesMeta:
      less:
        optional: true
      sass:
        optional: true
      stylus:
        optional: true
    dependencies:
      esbuild: 0.14.48
      postcss: 8.4.14
      resolve: 1.22.1
      rollup: 2.75.7
    optionalDependencies:
      fsevents: 2.3.2
    dev: true

  /vitest/0.16.0:
    resolution: {integrity: sha512-Ntp6jrM8wf2NMtamMBLkRBBdeqHkgAH/WMh5Xryts1j2ft2D8QZQbiSVFkSl4WmEQzcPP0YM069g/Ga1vtnEtg==, tarball: vitest/download/vitest-0.16.0.tgz}
    engines: {node: '>=v14.16.0'}
    hasBin: true
    peerDependencies:
      '@vitest/ui': '*'
      c8: '*'
      happy-dom: '*'
      jsdom: '*'
    peerDependenciesMeta:
      '@vitest/ui':
        optional: true
      c8:
        optional: true
      happy-dom:
        optional: true
      jsdom:
        optional: true
    dependencies:
      '@types/chai': 4.3.1
      '@types/chai-subset': 1.3.3
      '@types/node': 18.0.0
      chai: 4.3.6
      debug: 4.3.4
      local-pkg: 0.4.1
      tinypool: 0.2.1
      tinyspy: 0.3.3
      vite: 2.9.13
    transitivePeerDependencies:
      - less
      - sass
      - stylus
      - supports-color
    dev: true

  /webidl-conversions/4.0.2:
    resolution: {integrity: sha1-qFWYCx8LazWbodXZ+zmulB+qY60=, tarball: webidl-conversions/download/webidl-conversions-4.0.2.tgz}
    dev: true

  /whatwg-url/7.1.0:
    resolution: {integrity: sha1-wsSS8eymEpiO/T0iZr4bn8YXDQY=, tarball: whatwg-url/download/whatwg-url-7.1.0.tgz}
    dependencies:
      lodash.sortby: 4.7.0
      tr46: 1.0.1
      webidl-conversions: 4.0.2
    dev: true

  /which/2.0.2:
    resolution: {integrity: sha1-fGqN0KY2oDJ+ELWckobu6T8/UbE=, tarball: which/download/which-2.0.2.tgz}
    engines: {node: '>= 8'}
    hasBin: true
    dependencies:
      isexe: 2.0.0
    dev: true

  /wrappy/1.0.2:
    resolution: {integrity: sha1-tSQ9jz7BqjXxNkYFvA0QNuMKtp8=, tarball: wrappy/download/wrappy-1.0.2.tgz}
    dev: true

  /yaml/1.10.2:
    resolution: {integrity: sha1-IwHF/78StGfejaIzOkWeKeeSDks=, tarball: yaml/download/yaml-1.10.2.tgz}
    engines: {node: '>= 6'}
    dev: true
